// !$*UTF8*$!
{
	archiveVersion = 1;
	classes = {
	};
	objectVersion = 56;
	objects = {

/* Begin PBXBuildFile section */
		D73D26402C9D478000095872 /* main.cpp in Sources */ = {isa = PBXBuildFile; fileRef = D73D263F2C9D478000095872 /* main.cpp */; };
		D73D26572C9D4C0400095872 /* mesh.cpp in Sources */ = {isa = PBXBuildFile; fileRef = D73D26552C9D4C0400095872 /* mesh.cpp */; };
		D73D265A2C9D4C2D00095872 /* readmesh.cpp in Sources */ = {isa = PBXBuildFile; fileRef = D73D26582C9D4C2D00095872 /* readmesh.cpp */; };
		D73D265D2C9D524000095872 /* controlmesh.cpp in Sources */ = {isa = PBXBuildFile; fileRef = D73D265B2C9D524000095872 /* controlmesh.cpp */; };
		D73D26602C9EA12400095872 /* catmulllclark.cpp in Sources */ = {isa = PBXBuildFile; fileRef = D73D265E2C9EA12300095872 /* catmulllclark.cpp */; };
/* End PBXBuildFile section */

/* Begin PBXCopyFilesBuildPhase section */
		D73D263A2C9D478000095872 /* CopyFiles */ = {
			isa = PBXCopyFilesBuildPhase;
			buildActionMask = 2147483647;
			dstPath = /usr/share/man/man1/;
			dstSubfolderSpec = 0;
			files = (
			);
			runOnlyForDeploymentPostprocessing = 1;
		};
/* End PBXCopyFilesBuildPhase section */

/* Begin PBXFileReference section */
		D73D263C2C9D478000095872 /* catmullclark */ = {isa = PBXFileReference; explicitFileType = "compiled.mach-o.executable"; includeInIndex = 0; path = catmullclark; sourceTree = BUILT_PRODUCTS_DIR; };
		D73D263F2C9D478000095872 /* main.cpp */ = {isa = PBXFileReference; lastKnownFileType = sourcecode.cpp.cpp; path = main.cpp; sourceTree = "<group>"; };
		D73D26552C9D4C0400095872 /* mesh.cpp */ = {isa = PBXFileReference; lastKnownFileType = sourcecode.cpp.cpp; path = mesh.cpp; sourceTree = "<group>"; };
		D73D26562C9D4C0400095872 /* mesh.hpp */ = {isa = PBXFileReference; lastKnownFileType = sourcecode.cpp.h; path = mesh.hpp; sourceTree = "<group>"; };
		D73D26582C9D4C2D00095872 /* readmesh.cpp */ = {isa = PBXFileReference; lastKnownFileType = sourcecode.cpp.cpp; path = readmesh.cpp; sourceTree = "<group>"; };
		D73D26592C9D4C2D00095872 /* readmesh.hpp */ = {isa = PBXFileReference; lastKnownFileType = sourcecode.cpp.h; path = readmesh.hpp; sourceTree = "<group>"; };
		D73D265B2C9D524000095872 /* controlmesh.cpp */ = {isa = PBXFileReference; lastKnownFileType = sourcecode.cpp.cpp; path = controlmesh.cpp; sourceTree = "<group>"; };
		D73D265C2C9D524000095872 /* controlmesh.hpp */ = {isa = PBXFileReference; lastKnownFileType = sourcecode.cpp.h; path = controlmesh.hpp; sourceTree = "<group>"; };
		D73D265E2C9EA12300095872 /* catmulllclark.cpp */ = {isa = PBXFileReference; lastKnownFileType = sourcecode.cpp.cpp; path = catmulllclark.cpp; sourceTree = "<group>"; };
		D73D265F2C9EA12300095872 /* catmulllclark.hpp */ = {isa = PBXFileReference; lastKnownFileType = sourcecode.cpp.h; path = catmulllclark.hpp; sourceTree = "<group>"; };
/* End PBXFileReference section */

/* Begin PBXFrameworksBuildPhase section */
		D73D26392C9D478000095872 /* Frameworks */ = {
			isa = PBXFrameworksBuildPhase;
			buildActionMask = 2147483647;
			files = (
			);
			runOnlyForDeploymentPostprocessing = 0;
		};
/* End PBXFrameworksBuildPhase section */

/* Begin PBXGroup section */
		D73D26332C9D478000095872 = {
			isa = PBXGroup;
			children = (
				D73D263E2C9D478000095872 /* catmullclark */,
				D73D263D2C9D478000095872 /* Products */,
			);
			sourceTree = "<group>";
		};
		D73D263D2C9D478000095872 /* Products */ = {
			isa = PBXGroup;
			children = (
				D73D263C2C9D478000095872 /* catmullclark */,
			);
			name = Products;
			sourceTree = "<group>";
		};
		D73D263E2C9D478000095872 /* catmullclark */ = {
			isa = PBXGroup;
			children = (
				D73D263F2C9D478000095872 /* main.cpp */,
				D73D265E2C9EA12300095872 /* catmulllclark.cpp */,
				D73D265F2C9EA12300095872 /* catmulllclark.hpp */,
				D73D26552C9D4C0400095872 /* mesh.cpp */,
				D73D26562C9D4C0400095872 /* mesh.hpp */,
				D73D265B2C9D524000095872 /* controlmesh.cpp */,
				D73D265C2C9D524000095872 /* controlmesh.hpp */,
				D73D26582C9D4C2D00095872 /* readmesh.cpp */,
				D73D26592C9D4C2D00095872 /* readmesh.hpp */,
			);
			path = catmullclark;
			sourceTree = "<group>";
		};
/* End PBXGroup section */

/* Begin PBXNativeTarget section */
		D73D263B2C9D478000095872 /* catmullclark */ = {
			isa = PBXNativeTarget;
			buildConfigurationList = D73D26432C9D478000095872 /* Build configuration list for PBXNativeTarget "catmullclark" */;
			buildPhases = (
				D73D26382C9D478000095872 /* Sources */,
				D73D26392C9D478000095872 /* Frameworks */,
				D73D263A2C9D478000095872 /* CopyFiles */,
			);
			buildRules = (
			);
			dependencies = (
			);
			name = catmullclark;
			productName = catmullclark;
			productReference = D73D263C2C9D478000095872 /* catmullclark */;
			productType = "com.apple.product-type.tool";
		};
/* End PBXNativeTarget section */

/* Begin PBXProject section */
		D73D26342C9D478000095872 /* Project object */ = {
			isa = PBXProject;
			attributes = {
				BuildIndependentTargetsInParallel = 1;
				LastUpgradeCheck = 1540;
				TargetAttributes = {
					D73D263B2C9D478000095872 = {
						CreatedOnToolsVersion = 15.4;
					};
				};
			};
			buildConfigurationList = D73D26372C9D478000095872 /* Build configuration list for PBXProject "catmullclark" */;
			compatibilityVersion = "Xcode 14.0";
			developmentRegion = en;
			hasScannedForEncodings = 0;
			knownRegions = (
				en,
				Base,
			);
			mainGroup = D73D26332C9D478000095872;
			productRefGroup = D73D263D2C9D478000095872 /* Products */;
			projectDirPath = "";
			projectRoot = "";
			targets = (
				D73D263B2C9D478000095872 /* catmullclark */,
			);
		};
/* End PBXProject section */

/* Begin PBXSourcesBuildPhase section */
		D73D26382C9D478000095872 /* Sources */ = {
			isa = PBXSourcesBuildPhase;
			buildActionMask = 2147483647;
			files = (
				D73D26572C9D4C0400095872 /* mesh.cpp in Sources */,
				D73D26402C9D478000095872 /* main.cpp in Sources */,
				D73D265D2C9D524000095872 /* controlmesh.cpp in Sources */,
				D73D26602C9EA12400095872 /* catmulllclark.cpp in Sources */,
				D73D265A2C9D4C2D00095872 /* readmesh.cpp in Sources */,
			);
			runOnlyForDeploymentPostprocessing = 0;
		};
/* End PBXSourcesBuildPhase section */

/* Begin XCBuildConfiguration section */
		D73D26412C9D478000095872 /* Debug */ = {
			isa = XCBuildConfiguration;
			buildSettings = {
				ALWAYS_SEARCH_USER_PATHS = NO;
				ASSETCATALOG_COMPILER_GENERATE_SWIFT_ASSET_SYMBOL_EXTENSIONS = YES;
				CLANG_ANALYZER_NONNULL = YES;
				CLANG_ANALYZER_NUMBER_OBJECT_CONVERSION = YES_AGGRESSIVE;
				CLANG_CXX_LANGUAGE_STANDARD = "gnu++20";
				CLANG_ENABLE_MODULES = YES;
				CLANG_ENABLE_OBJC_ARC = YES;
				CLANG_ENABLE_OBJC_WEAK = YES;
				CLANG_WARN_BLOCK_CAPTURE_AUTORELEASING = YES;
				CLANG_WARN_BOOL_CONVERSION = YES;
				CLANG_WARN_COMMA = YES;
				CLANG_WARN_CONSTANT_CONVERSION = YES;
				CLANG_WARN_DEPRECATED_OBJC_IMPLEMENTATIONS = YES;
				CLANG_WARN_DIRECT_OBJC_ISA_USAGE = YES_ERROR;
				CLANG_WARN_DOCUMENTATION_COMMENTS = YES;
				CLANG_WARN_EMPTY_BODY = YES;
				CLANG_WARN_ENUM_CONVERSION = YES;
				CLANG_WARN_INFINITE_RECURSION = YES;
				CLANG_WARN_INT_CONVERSION = YES;
				CLANG_WARN_NON_LITERAL_NULL_CONVERSION = YES;
				CLANG_WARN_OBJC_IMPLICIT_RETAIN_SELF = YES;
				CLANG_WARN_OBJC_LITERAL_CONVERSION = YES;
				CLANG_WARN_OBJC_ROOT_CLASS = YES_ERROR;
				CLANG_WARN_QUOTED_INCLUDE_IN_FRAMEWORK_HEADER = YES;
				CLANG_WARN_RANGE_LOOP_ANALYSIS = YES;
				CLANG_WARN_STRICT_PROTOTYPES = YES;
				CLANG_WARN_SUSPICIOUS_MOVE = YES;
				CLANG_WARN_UNGUARDED_AVAILABILITY = YES_AGGRESSIVE;
				CLANG_WARN_UNREACHABLE_CODE = YES;
				CLANG_WARN__DUPLICATE_METHOD_MATCH = YES;
				COPY_PHASE_STRIP = NO;
				DEBUG_INFORMATION_FORMAT = dwarf;
				ENABLE_STRICT_OBJC_MSGSEND = YES;
				ENABLE_TESTABILITY = YES;
				ENABLE_USER_SCRIPT_SANDBOXING = YES;
				GCC_C_LANGUAGE_STANDARD = gnu17;
				GCC_DYNAMIC_NO_PIC = NO;
				GCC_NO_COMMON_BLOCKS = YES;
				GCC_OPTIMIZATION_LEVEL = 0;
				GCC_PREPROCESSOR_DEFINITIONS = (
					"DEBUG=1",
					"$(inherited)",
				);
				GCC_WARN_64_TO_32_BIT_CONVERSION = YES;
				GCC_WARN_ABOUT_RETURN_TYPE = YES_ERROR;
				GCC_WARN_UNDECLARED_SELECTOR = YES;
				GCC_WARN_UNINITIALIZED_AUTOS = YES_AGGRESSIVE;
				GCC_WARN_UNUSED_FUNCTION = YES;
				GCC_WARN_UNUSED_VARIABLE = YES;
				LOCALIZATION_PREFERS_STRING_CATALOGS = YES;
				MACOSX_DEPLOYMENT_TARGET = 14.4;
				MTL_ENABLE_DEBUG_INFO = INCLUDE_SOURCE;
				MTL_FAST_MATH = YES;
				ONLY_ACTIVE_ARCH = YES;
				SDKROOT = macosx;
			};
			name = Debug;
		};
		D73D26422C9D478000095872 /* Release */ = {
			isa = XCBuildConfiguration;
			buildSettings = {
				ALWAYS_SEARCH_USER_PATHS = NO;
				ASSETCATALOG_COMPILER_GENERATE_SWIFT_ASSET_SYMBOL_EXTENSIONS = YES;
				CLANG_ANALYZER_NONNULL = YES;
				CLANG_ANALYZER_NUMBER_OBJECT_CONVERSION = YES_AGGRESSIVE;
				CLANG_CXX_LANGUAGE_STANDARD = "gnu++20";
				CLANG_ENABLE_MODULES = YES;
				CLANG_ENABLE_OBJC_ARC = YES;
				CLANG_ENABLE_OBJC_WEAK = YES;
				CLANG_WARN_BLOCK_CAPTURE_AUTORELEASING = YES;
				CLANG_WARN_BOOL_CONVERSION = YES;
				CLANG_WARN_COMMA = YES;
				CLANG_WARN_CONSTANT_CONVERSION = YES;
				CLANG_WARN_DEPRECATED_OBJC_IMPLEMENTATIONS = YES;
				CLANG_WARN_DIRECT_OBJC_ISA_USAGE = YES_ERROR;
				CLANG_WARN_DOCUMENTATION_COMMENTS = YES;
				CLANG_WARN_EMPTY_BODY = YES;
				CLANG_WARN_ENUM_CONVERSION = YES;
				CLANG_WARN_INFINITE_RECURSION = YES;
				CLANG_WARN_INT_CONVERSION = YES;
				CLANG_WARN_NON_LITERAL_NULL_CONVERSION = YES;
				CLANG_WARN_OBJC_IMPLICIT_RETAIN_SELF = YES;
				CLANG_WARN_OBJC_LITERAL_CONVERSION = YES;
				CLANG_WARN_OBJC_ROOT_CLASS = YES_ERROR;
				CLANG_WARN_QUOTED_INCLUDE_IN_FRAMEWORK_HEADER = YES;
				CLANG_WARN_RANGE_LOOP_ANALYSIS = YES;
				CLANG_WARN_STRICT_PROTOTYPES = YES;
				CLANG_WARN_SUSPICIOUS_MOVE = YES;
				CLANG_WARN_UNGUARDED_AVAILABILITY = YES_AGGRESSIVE;
				CLANG_WARN_UNREACHABLE_CODE = YES;
				CLANG_WARN__DUPLICATE_METHOD_MATCH = YES;
				COPY_PHASE_STRIP = NO;
				DEBUG_INFORMATION_FORMAT = "dwarf-with-dsym";
				ENABLE_NS_ASSERTIONS = NO;
				ENABLE_STRICT_OBJC_MSGSEND = YES;
				ENABLE_USER_SCRIPT_SANDBOXING = YES;
				GCC_C_LANGUAGE_STANDARD = gnu17;
				GCC_NO_COMMON_BLOCKS = YES;
				GCC_WARN_64_TO_32_BIT_CONVERSION = YES;
				GCC_WARN_ABOUT_RETURN_TYPE = YES_ERROR;
				GCC_WARN_UNDECLARED_SELECTOR = YES;
				GCC_WARN_UNINITIALIZED_AUTOS = YES_AGGRESSIVE;
				GCC_WARN_UNUSED_FUNCTION = YES;
				GCC_WARN_UNUSED_VARIABLE = YES;
				LOCALIZATION_PREFERS_STRING_CATALOGS = YES;
				MACOSX_DEPLOYMENT_TARGET = 14.4;
				MTL_ENABLE_DEBUG_INFO = NO;
				MTL_FAST_MATH = YES;
				SDKROOT = macosx;
			};
			name = Release;
		};
		D73D26442C9D478000095872 /* Debug */ = {
			isa = XCBuildConfiguration;
			buildSettings = {
				CLANG_CXX_LANGUAGE_STANDARD = "c++20";
				CODE_SIGN_STYLE = Automatic;
				GCC_OPTIMIZATION_LEVEL = 3;
				HEADER_SEARCH_PATHS = "/Users/kikuchiyusaku/eigen-3.4.0";
				LIBRARY_SEARCH_PATHS = "/Users/kikuchiyusaku/eigen-3.4.0";
				PRODUCT_NAME = "$(TARGET_NAME)";
			};
			name = Debug;
		};
		D73D26452C9D478000095872 /* Release */ = {
			isa = XCBuildConfiguration;
			buildSettings = {
				CLANG_CXX_LANGUAGE_STANDARD = "c++20";
				CODE_SIGN_STYLE = Automatic;
				HEADER_SEARCH_PATHS = "/Users/kikuchiyusaku/eigen-3.4.0";
				LIBRARY_SEARCH_PATHS = "/Users/kikuchiyusaku/eigen-3.4.0";
				PRODUCT_NAME = "$(TARGET_NAME)";
			};
			name = Release;
		};
/* End XCBuildConfiguration section */

/* Begin XCConfigurationList section */
		D73D26372C9D478000095872 /* Build configuration list for PBXProject "catmullclark" */ = {
			isa = XCConfigurationList;
			buildConfigurations = (
				D73D26412C9D478000095872 /* Debug */,
				D73D26422C9D478000095872 /* Release */,
			);
			defaultConfigurationIsVisible = 0;
			defaultConfigurationName = Release;
		};
		D73D26432C9D478000095872 /* Build configuration list for PBXNativeTarget "catmullclark" */ = {
			isa = XCConfigurationList;
			buildConfigurations = (
				D73D26442C9D478000095872 /* Debug */,
				D73D26452C9D478000095872 /* Release */,
			);
			defaultConfigurationIsVisible = 0;
			defaultConfigurationName = Release;
		};
/* End XCConfigurationList section */
	};
	rootObject = D73D26342C9D478000095872 /* Project object */;
}
